<?xml version="1.0" encoding="utf-8"?>
<Project ToolsVersion="4.0" xmlns="http://schemas.microsoft.com/developer/msbuild/2003">
  <ItemGroup>
    <ClCompile Include="OrthoExample.cpp" />
    <ClCompile Include="stdafx.cpp" />
    <ClCompile Include="..\SamplesCommon\DatasetsHelpers.cpp">
      <Filter>Common</Filter>
    </ClCompile>
    <ClCompile Include="..\SamplesCommon\LicensingHelpers.cpp">
      <Filter>Common</Filter>
    </ClCompile>
    <ClCompile Include="..\SamplesCommon\ModelHelpers.cpp">
      <Filter>Common</Filter>
    </ClCompile>
    <ClCompile Include="..\SamplesCommon\SfmHelpers.cpp">
      <Filter>Common</Filter>
    </ClCompile>
    <ClCompile Include="..\SamplesCommon\VariousHelpers.cpp">
      <Filter>Common</Filter>
    </ClCompile>
    <ClCompile Include="..\SamplesCommon\ExportHelpers.cpp">
      <Filter>Common</Filter>
    </ClCompile>
    <ClCompile Include="..\SamplesCommon\OrthoProjectionHelpers.cpp">
      <Filter>Common</Filter>
    </ClCompile>
    <ClCompile Include="..\SamplesCommon\TransformationHelpers.cpp">
      <Filter>Common</Filter>
    </ClCompile>
    <ClCompile Include="ControlPoints.cpp" />
    <ClCompile Include="SfmUtils.cpp" />
    <ClCompile Include="CubeDistributionAnalyzer.cpp" />
    <ClCompile Include="w84gps.cpp" />
    <ClCompile Include="CameraAnbgle.cpp" />
    <ClCompile Include="exportUtil.cpp" />
    <ClCompile Include="param.cpp" />
  </ItemGroup>
  <ItemGroup>
    <ClInclude Include="stdafx.h" />
    <ClInclude Include="targetver.h" />
    <ClInclude Include="..\SamplesCommon\common.h">
      <Filter>Common</Filter>
    </ClInclude>
    <ClInclude Include="..\SamplesCommon\TransformationHelpers.h">
      <Filter>Common</Filter>
    </ClInclude>
    <ClInclude Include="ControlPoints.h" />
    <ClInclude Include="SfmUtils.h" />
    <ClInclude Include="..\SamplesCommon\MathHelpers.h">
      <Filter>Common</Filter>
    </ClInclude>
    <ClInclude Include="CubeDistributionAnalyzer.h" />
    <ClInclude Include="w84gps.h" />
    <ClInclude Include="define.h" />
    <ClInclude Include="CameraAngle.h" />
    <ClInclude Include="exportUtil.h" />
    <ClInclude Include="param.h" />
    <ClInclude Include="SplitString.h" />
  </ItemGroup>
  <ItemGroup>
    <Filter Include="Common">
      <UniqueIdentifier>{ed04934e-a062-476e-83c2-21b9a0952a26}</UniqueIdentifier>
    </Filter>
  </ItemGroup>
</Project>